
Microsoft Visual Studio Solution File, Format Version 12.00
# Visual Studio Version 17
VisualStudioVersion = 17.7.34024.191
MinimumVisualStudioVersion = 10.0.40219.1
Project("{FAE04EC0-301F-11D3-BF4B-00C04F79EFBC}") = "helloWorldProjDotnet7", "helloWorldProj\helloWorldProjDotnet7.csproj", "{6B44E247-7C74-4F84-BCBF-2669DAF4D32B}"
EndProject
Project("{FAE04EC0-301F-11D3-BF4B-00C04F79EFBC}") = "helloWorldProjDotnet3", "helloWorldProjDotnet3\helloWorldProjDotnet3.csproj", "{47AE84C3-A718-4DB5-85A0-E494D61A3BA0}"
EndProject
Global
	GlobalSection(SolutionConfigurationPlatforms) = preSolution
		Debug|Any CPU = Debug|Any CPU
		Release|Any CPU = Release|Any CPU
	EndGlobalSection
	GlobalSection(ProjectConfigurationPlatforms) = postSolution
		{6B44E247-7C74-4F84-BCBF-2669DAF4D32B}.Debug|Any CPU.ActiveCfg = Debug|Any CPU
		{6B44E247-7C74-4F84-BCBF-2669DAF4D32B}.Debug|Any CPU.Build.0 = Debug|Any CPU
		{6B44E247-7C74-4F84-BCBF-2669DAF4D32B}.Release|Any CPU.ActiveCfg = Release|Any CPU
		{6B44E247-7C74-4F84-BCBF-2669DAF4D32B}.Release|Any CPU.Build.0 = Release|Any CPU
		{47AE84C3-A718-4DB5-85A0-E494D61A3BA0}.Debug|Any CPU.ActiveCfg = Debug|Any CPU
		{47AE84C3-A718-4DB5-85A0-E494D61A3BA0}.Debug|Any CPU.Build.0 = Debug|Any CPU
		{47AE84C3-A718-4DB5-85A0-E494D61A3BA0}.Release|Any CPU.ActiveCfg = Release|Any CPU
		{47AE84C3-A718-4DB5-85A0-E494D61A3BA0}.Release|Any CPU.Build.0 = Release|Any CPU
	EndGlobalSection
	GlobalSection(SolutionProperties) = preSolution
		HideSolutionNode = FALSE
	EndGlobalSection
	GlobalSection(ExtensibilityGlobals) = postSolution
		SolutionGuid = {630CCF2D-B4F9-42F6-ACE6-AB158B855E34}
	EndGlobalSection
EndGlobal
